{
  "requires": true,
  "lockfileVersion": 1,
  "dependencies": {
    "html5-qrcode": {
      "version": "2.0.11",
      "resolved": "https://registry.npmjs.org/html5-qrcode/-/html5-qrcode-2.0.11.tgz",
      "integrity": "sha512-cCrVOK2yJGPGSTjchqRhkBJIrxvojEwF/pDKLNxmTH1wiAsVc61ZnIqyApIVyNfn5dKRFax70Qpr7pZwbUNiUw=="
    },
    "qrious": {
      "version": "4.0.2",
      "resolved": "https://registry.npmjs.org/qrious/-/qrious-4.0.2.tgz",
      "integrity": "sha512-xWPJIrK1zu5Ypn898fBp8RHkT/9ibquV2Kv24S/JY9VYEhMBMKur1gHVsOiNUh7PHP9uCgejjpZUHUIXXKoU/g=="
    }
  }
}
